
Microsoft Visual Studio Solution File, Format Version 12.00
# Visual Studio Version 16
VisualStudioVersion = 16.0.31129.286
MinimumVisualStudioVersion = 10.0.40219.1
Project("{8BC9CEB8-8B4A-11D0-8D11-00A0C91BC942}") = "ExeFileCompatibilityChanger", "ExeFileCompatibilityChanger\ExeFileCompatibilityChanger.vcxproj", "{BC835A11-830F-46E4-B767-E1F2540730D5}"
EndProject
Global
	GlobalSection(SolutionConfigurationPlatforms) = preSolution
		Debug|x64 = Debug|x64
		Debug|x86 = Debug|x86
		Release|x64 = Release|x64
		Release|x86 = Release|x86
	EndGlobalSection
	GlobalSection(ProjectConfigurationPlatforms) = postSolution
		{BC835A11-830F-46E4-B767-E1F2540730D5}.Debug|x64.ActiveCfg = Debug|x64
		{BC835A11-830F-46E4-B767-E1F2540730D5}.Debug|x64.Build.0 = Debug|x64
		{BC835A11-830F-46E4-B767-E1F2540730D5}.Debug|x86.ActiveCfg = Debug|Win32
		{BC835A11-830F-46E4-B767-E1F2540730D5}.Debug|x86.Build.0 = Debug|Win32
		{BC835A11-830F-46E4-B767-E1F2540730D5}.Release|x64.ActiveCfg = Release|x64
		{BC835A11-830F-46E4-B767-E1F2540730D5}.Release|x64.Build.0 = Release|x64
		{BC835A11-830F-46E4-B767-E1F2540730D5}.Release|x86.ActiveCfg = Release|Win32
		{BC835A11-830F-46E4-B767-E1F2540730D5}.Release|x86.Build.0 = Release|Win32
	EndGlobalSection
	GlobalSection(SolutionProperties) = preSolution
		HideSolutionNode = FALSE
	EndGlobalSection
	GlobalSection(ExtensibilityGlobals) = postSolution
		SolutionGuid = {7675DD49-3CE1-4EEE-819D-183BC480E4CB}
	EndGlobalSection
EndGlobal
